
Microsoft Visual Studio Solution File, Format Version 12.00
# Visual Studio Version 17
VisualStudioVersion = 17.14.36623.8
MinimumVisualStudioVersion = 10.0.40219.1
Project("{FAE04EC0-301F-11D3-BF4B-00C04F79EFBC}") = "StoryFlow", "StoryFlow.csproj", "{6B86AE65-5FDE-448F-9F64-B80730D65AE1}"
EndProject
Project("{FAE04EC0-301F-11D3-BF4B-00C04F79EFBC}") = "StoryFlow_Database", "..\StoryFlow_Database\StoryFlow_Database.csproj", "{0D75701C-34B6-400A-9518-41BB9531B764}"
EndProject
Project("{FAE04EC0-301F-11D3-BF4B-00C04F79EFBC}") = "StoryFlow_Tests", "..\StoryFlow_UnitTests\StoryFlow_Tests.csproj", "{505E6BF2-EA65-436A-BBE4-BA6E2AD3EFC7}"
EndProject
Project("{FAE04EC0-301F-11D3-BF4B-00C04F79EFBC}") = "StoryFlow_Shared", "..\StoryFlow_Shared\StoryFlow_Shared.csproj", "{6DF799A5-4E5D-469C-A655-C1AAFDC073B4}"
EndProject
Global
	GlobalSection(SolutionConfigurationPlatforms) = preSolution
		Debug|Any CPU = Debug|Any CPU
		Release|Any CPU = Release|Any CPU
	EndGlobalSection
	GlobalSection(ProjectConfigurationPlatforms) = postSolution
		{6B86AE65-5FDE-448F-9F64-B80730D65AE1}.Debug|Any CPU.ActiveCfg = Debug|Any CPU
		{6B86AE65-5FDE-448F-9F64-B80730D65AE1}.Debug|Any CPU.Build.0 = Debug|Any CPU
		{6B86AE65-5FDE-448F-9F64-B80730D65AE1}.Release|Any CPU.ActiveCfg = Release|Any CPU
		{6B86AE65-5FDE-448F-9F64-B80730D65AE1}.Release|Any CPU.Build.0 = Release|Any CPU
		{0D75701C-34B6-400A-9518-41BB9531B764}.Debug|Any CPU.ActiveCfg = Debug|Any CPU
		{0D75701C-34B6-400A-9518-41BB9531B764}.Debug|Any CPU.Build.0 = Debug|Any CPU
		{0D75701C-34B6-400A-9518-41BB9531B764}.Release|Any CPU.ActiveCfg = Release|Any CPU
		{0D75701C-34B6-400A-9518-41BB9531B764}.Release|Any CPU.Build.0 = Release|Any CPU
		{505E6BF2-EA65-436A-BBE4-BA6E2AD3EFC7}.Debug|Any CPU.ActiveCfg = Debug|Any CPU
		{505E6BF2-EA65-436A-BBE4-BA6E2AD3EFC7}.Debug|Any CPU.Build.0 = Debug|Any CPU
		{505E6BF2-EA65-436A-BBE4-BA6E2AD3EFC7}.Release|Any CPU.ActiveCfg = Release|Any CPU
		{505E6BF2-EA65-436A-BBE4-BA6E2AD3EFC7}.Release|Any CPU.Build.0 = Release|Any CPU
		{6DF799A5-4E5D-469C-A655-C1AAFDC073B4}.Debug|Any CPU.ActiveCfg = Debug|Any CPU
		{6DF799A5-4E5D-469C-A655-C1AAFDC073B4}.Debug|Any CPU.Build.0 = Debug|Any CPU
		{6DF799A5-4E5D-469C-A655-C1AAFDC073B4}.Release|Any CPU.ActiveCfg = Release|Any CPU
		{6DF799A5-4E5D-469C-A655-C1AAFDC073B4}.Release|Any CPU.Build.0 = Release|Any CPU
	EndGlobalSection
	GlobalSection(SolutionProperties) = preSolution
		HideSolutionNode = FALSE
	EndGlobalSection
	GlobalSection(ExtensibilityGlobals) = postSolution
		SolutionGuid = {A5FA8C0B-A51B-46D1-A380-EC59B3E1773F}
	EndGlobalSection
EndGlobal
